// !$*UTF8*$!
{
	archiveVersion = 1;
	classes = {
	};
	objectVersion = 77;
	objects = {

/* Begin PBXBuildFile section */
		50114C7D2E015BF500024326 /* FinderSyncExt.swift in Sources */ = {isa = PBXBuildFile; fileRef = 50583D632DFB5EA100013BD0 /* FinderSyncExt.swift */; };
		50114C7E2E01605B00024326 /* Localizable.xcstrings in Resources */ = {isa = PBXBuildFile; fileRef = 50624C5C2DE5CD1A00794BC8 /* Localizable.xcstrings */; };
		50114C7F2E01607700024326 /* Localizable.xcstrings in Resources */ = {isa = PBXBuildFile; fileRef = 50624C5C2DE5CD1A00794BC8 /* Localizable.xcstrings */; };
		50114C822E017BD800024326 /* FinderEvent.swift in Sources */ = {isa = PBXBuildFile; fileRef = 50114C812E017BD400024326 /* FinderEvent.swift */; };
		50114C832E017BD800024326 /* FinderEvent.swift in Sources */ = {isa = PBXBuildFile; fileRef = 50114C812E017BD400024326 /* FinderEvent.swift */; };
		50114C842E017BD800024326 /* FinderEvent.swift in Sources */ = {isa = PBXBuildFile; fileRef = 50114C812E017BD400024326 /* FinderEvent.swift */; };
		50583D5D2DFB5D2000013BD0 /* Rwx Editor Finder Extension.appex in Embed Foundation Extensions */ = {isa = PBXBuildFile; fileRef = 50583D552DFB5D2000013BD0 /* Rwx Editor Finder Extension.appex */; settings = {ATTRIBUTES = (RemoveHeadersOnCopy, ); }; };
		50583D662DFB5EA100013BD0 /* FinderSyncExt.swift in Sources */ = {isa = PBXBuildFile; fileRef = 50583D632DFB5EA100013BD0 /* FinderSyncExt.swift */; };
		50583D6A2DFB60B900013BD0 /* ByteCountFormatter.swift in Sources */ = {isa = PBXBuildFile; fileRef = 507318A52DF37FB8005E26F9 /* ByteCountFormatter.swift */; };
		50583D6B2DFB60B900013BD0 /* CaseIterable.swift in Sources */ = {isa = PBXBuildFile; fileRef = 507318A22DF3758B005E26F9 /* CaseIterable.swift */; };
		50583D6C2DFB60B900013BD0 /* enums.swift in Sources */ = {isa = PBXBuildFile; fileRef = 5073189F2DF31F1C005E26F9 /* enums.swift */; };
		50583D6D2DFB60B900013BD0 /* View.swift in Sources */ = {isa = PBXBuildFile; fileRef = 50624C532DE5C2BA00794BC8 /* View.swift */; };
		50583D6E2DFB60B900013BD0 /* Process.swift in Sources */ = {isa = PBXBuildFile; fileRef = 507318972DF05F60005E26F9 /* Process.swift */; };
		50583D6F2DFB60B900013BD0 /* String.swift in Sources */ = {isa = PBXBuildFile; fileRef = 50624C722DE5E2E300794BC8 /* String.swift */; };
		50583D702DFB60B900013BD0 /* Date.swift in Sources */ = {isa = PBXBuildFile; fileRef = 5073189B2DF1BA3D005E26F9 /* Date.swift */; };
		50583D712DFB60B900013BD0 /* UInt.swift in Sources */ = {isa = PBXBuildFile; fileRef = 50624C602DE5D6B500794BC8 /* UInt.swift */; };
		50583D7F2DFB673D00013BD0 /* EventsDispatcherGlobal.swift in Sources */ = {isa = PBXBuildFile; fileRef = 50583D7E2DFB673D00013BD0 /* EventsDispatcherGlobal.swift */; };
		50583D902DFB6C1700013BD0 /* EventsDispatcherGlobal.swift in Sources */ = {isa = PBXBuildFile; fileRef = 50583D7E2DFB673D00013BD0 /* EventsDispatcherGlobal.swift */; };
		50583D912DFB6C1700013BD0 /* EventsDispatcherGlobal.swift in Sources */ = {isa = PBXBuildFile; fileRef = 50583D7E2DFB673D00013BD0 /* EventsDispatcherGlobal.swift */; };
		50624C4E2DE5BA8200794BC8 /* App.swift in Sources */ = {isa = PBXBuildFile; fileRef = 50624C4D2DE5BA8200794BC8 /* App.swift */; };
		50624C4F2DE5BA8200794BC8 /* MainView.swift in Sources */ = {isa = PBXBuildFile; fileRef = 50624C4B2DE5BA8200794BC8 /* MainView.swift */; };
		50624C502DE5BA8200794BC8 /* Assets.xcassets in Resources */ = {isa = PBXBuildFile; fileRef = 50624C4A2DE5BA8200794BC8 /* Assets.xcassets */; };
		50624C542DE5C2BA00794BC8 /* View.swift in Sources */ = {isa = PBXBuildFile; fileRef = 50624C532DE5C2BA00794BC8 /* View.swift */; };
		50624C5D2DE5CD1A00794BC8 /* Localizable.xcstrings in Resources */ = {isa = PBXBuildFile; fileRef = 50624C5C2DE5CD1A00794BC8 /* Localizable.xcstrings */; };
		50624C612DE5D6B500794BC8 /* UInt.swift in Sources */ = {isa = PBXBuildFile; fileRef = 50624C602DE5D6B500794BC8 /* UInt.swift */; };
		50624C6A2DE5DCD500794BC8 /* Test.swift in Sources */ = {isa = PBXBuildFile; fileRef = 50624C692DE5DCD500794BC8 /* Test.swift */; };
		50624C702DE5DD3000794BC8 /* UInt.swift in Sources */ = {isa = PBXBuildFile; fileRef = 50624C602DE5D6B500794BC8 /* UInt.swift */; };
		50624C732DE5E2E600794BC8 /* String.swift in Sources */ = {isa = PBXBuildFile; fileRef = 50624C722DE5E2E300794BC8 /* String.swift */; };
		50624C742DE5E2E600794BC8 /* String.swift in Sources */ = {isa = PBXBuildFile; fileRef = 50624C722DE5E2E300794BC8 /* String.swift */; };
		50624C752DE5E30E00794BC8 /* View.swift in Sources */ = {isa = PBXBuildFile; fileRef = 50624C532DE5C2BA00794BC8 /* View.swift */; };
		507318442DE70C27005E26F9 /* ToggleRwxColored.swift in Sources */ = {isa = PBXBuildFile; fileRef = 507318432DE70C27005E26F9 /* ToggleRwxColored.swift */; };
		507318462DE71047005E26F9 /* RwxTextView.swift in Sources */ = {isa = PBXBuildFile; fileRef = 507318452DE71047005E26F9 /* RwxTextView.swift */; };
		507318512DE7939D005E26F9 /* ToggleRwxNumeric.swift in Sources */ = {isa = PBXBuildFile; fileRef = 507318502DE7939D005E26F9 /* ToggleRwxNumeric.swift */; };
		507318532DE82BDB005E26F9 /* PickerCustom.swift in Sources */ = {isa = PBXBuildFile; fileRef = 507318522DE82BDB005E26F9 /* PickerCustom.swift */; };
		507318582DE865C3005E26F9 /* Media.xcassets in Resources */ = {isa = PBXBuildFile; fileRef = 507318572DE865C3005E26F9 /* Media.xcassets */; };
		507318592DE865C3005E26F9 /* Media.xcassets in Resources */ = {isa = PBXBuildFile; fileRef = 507318572DE865C3005E26F9 /* Media.xcassets */; };
		507318762DE9EB32005E26F9 /* ButtonCustom.swift in Sources */ = {isa = PBXBuildFile; fileRef = 507318752DE9EB32005E26F9 /* ButtonCustom.swift */; };
		507318982DF05F62005E26F9 /* Process.swift in Sources */ = {isa = PBXBuildFile; fileRef = 507318972DF05F60005E26F9 /* Process.swift */; };
		507318992DF05F62005E26F9 /* Process.swift in Sources */ = {isa = PBXBuildFile; fileRef = 507318972DF05F60005E26F9 /* Process.swift */; };
		5073189C2DF1BA3D005E26F9 /* Date.swift in Sources */ = {isa = PBXBuildFile; fileRef = 5073189B2DF1BA3D005E26F9 /* Date.swift */; };
		5073189D2DF1BA3D005E26F9 /* Date.swift in Sources */ = {isa = PBXBuildFile; fileRef = 5073189B2DF1BA3D005E26F9 /* Date.swift */; };
		507318A02DF31F20005E26F9 /* enums.swift in Sources */ = {isa = PBXBuildFile; fileRef = 5073189F2DF31F1C005E26F9 /* enums.swift */; };
		507318A12DF31F20005E26F9 /* enums.swift in Sources */ = {isa = PBXBuildFile; fileRef = 5073189F2DF31F1C005E26F9 /* enums.swift */; };
		507318A32DF3758E005E26F9 /* CaseIterable.swift in Sources */ = {isa = PBXBuildFile; fileRef = 507318A22DF3758B005E26F9 /* CaseIterable.swift */; };
		507318A42DF3758E005E26F9 /* CaseIterable.swift in Sources */ = {isa = PBXBuildFile; fileRef = 507318A22DF3758B005E26F9 /* CaseIterable.swift */; };
		507318A62DF37FB9005E26F9 /* ByteCountFormatter.swift in Sources */ = {isa = PBXBuildFile; fileRef = 507318A52DF37FB8005E26F9 /* ByteCountFormatter.swift */; };
		507318A72DF37FB9005E26F9 /* ByteCountFormatter.swift in Sources */ = {isa = PBXBuildFile; fileRef = 507318A52DF37FB8005E26F9 /* ByteCountFormatter.swift */; };
/* End PBXBuildFile section */

/* Begin PBXContainerItemProxy section */
		50583D5B2DFB5D2000013BD0 /* PBXContainerItemProxy */ = {
			isa = PBXContainerItemProxy;
			containerPortal = 50624C2C2DE5B96100794BC8 /* Project object */;
			proxyType = 1;
			remoteGlobalIDString = 50583D542DFB5D2000013BD0;
			remoteInfo = "Rwx Editor Finder Extension";
		};
		50624C6B2DE5DCD500794BC8 /* PBXContainerItemProxy */ = {
			isa = PBXContainerItemProxy;
			containerPortal = 50624C2C2DE5B96100794BC8 /* Project object */;
			proxyType = 1;
			remoteGlobalIDString = 50624C332DE5B96100794BC8;
			remoteInfo = "Rwx Editor";
		};
/* End PBXContainerItemProxy section */

/* Begin PBXCopyFilesBuildPhase section */
		50583D5E2DFB5D2000013BD0 /* Embed Foundation Extensions */ = {
			isa = PBXCopyFilesBuildPhase;
			buildActionMask = 2147483647;
			dstPath = "";
			dstSubfolderSpec = 13;
			files = (
				50583D5D2DFB5D2000013BD0 /* Rwx Editor Finder Extension.appex in Embed Foundation Extensions */,
			);
			name = "Embed Foundation Extensions";
			runOnlyForDeploymentPostprocessing = 0;
		};
/* End PBXCopyFilesBuildPhase section */

/* Begin PBXFileReference section */
		50114C812E017BD400024326 /* FinderEvent.swift */ = {isa = PBXFileReference; lastKnownFileType = sourcecode.swift; path = FinderEvent.swift; sourceTree = "<group>"; };
		50583D552DFB5D2000013BD0 /* Rwx Editor Finder Extension.appex */ = {isa = PBXFileReference; explicitFileType = "wrapper.app-extension"; includeInIndex = 0; path = "Rwx Editor Finder Extension.appex"; sourceTree = BUILT_PRODUCTS_DIR; };
		50583D632DFB5EA100013BD0 /* FinderSyncExt.swift */ = {isa = PBXFileReference; lastKnownFileType = sourcecode.swift; path = FinderSyncExt.swift; sourceTree = "<group>"; };
		50583D642DFB5EA100013BD0 /* Info.plist */ = {isa = PBXFileReference; lastKnownFileType = text.plist.xml; path = Info.plist; sourceTree = "<group>"; };
		50583D652DFB5EA100013BD0 /* FinderSyncExt.entitlements */ = {isa = PBXFileReference; lastKnownFileType = text.plist.entitlements; path = FinderSyncExt.entitlements; sourceTree = "<group>"; };
		50583D7E2DFB673D00013BD0 /* EventsDispatcherGlobal.swift */ = {isa = PBXFileReference; lastKnownFileType = sourcecode.swift; path = EventsDispatcherGlobal.swift; sourceTree = "<group>"; };
		50624C342DE5B96100794BC8 /* Rwx Editor.app */ = {isa = PBXFileReference; explicitFileType = wrapper.application; includeInIndex = 0; path = "Rwx Editor.app"; sourceTree = BUILT_PRODUCTS_DIR; };
		50624C4A2DE5BA8200794BC8 /* Assets.xcassets */ = {isa = PBXFileReference; lastKnownFileType = folder.assetcatalog; path = Assets.xcassets; sourceTree = "<group>"; };
		50624C4B2DE5BA8200794BC8 /* MainView.swift */ = {isa = PBXFileReference; lastKnownFileType = sourcecode.swift; path = MainView.swift; sourceTree = "<group>"; };
		50624C4C2DE5BA8200794BC8 /* app.entitlements */ = {isa = PBXFileReference; lastKnownFileType = text.plist.entitlements; path = app.entitlements; sourceTree = "<group>"; };
		50624C4D2DE5BA8200794BC8 /* App.swift */ = {isa = PBXFileReference; lastKnownFileType = sourcecode.swift; path = App.swift; sourceTree = "<group>"; };
		50624C532DE5C2BA00794BC8 /* View.swift */ = {isa = PBXFileReference; lastKnownFileType = sourcecode.swift; path = View.swift; sourceTree = "<group>"; };
		50624C5C2DE5CD1A00794BC8 /* Localizable.xcstrings */ = {isa = PBXFileReference; lastKnownFileType = text.json.xcstrings; path = Localizable.xcstrings; sourceTree = "<group>"; };
		50624C602DE5D6B500794BC8 /* UInt.swift */ = {isa = PBXFileReference; lastKnownFileType = sourcecode.swift; path = UInt.swift; sourceTree = "<group>"; };
		50624C672DE5DCD500794BC8 /* Rwx Editor Test.xctest */ = {isa = PBXFileReference; explicitFileType = wrapper.cfbundle; includeInIndex = 0; path = "Rwx Editor Test.xctest"; sourceTree = BUILT_PRODUCTS_DIR; };
		50624C692DE5DCD500794BC8 /* Test.swift */ = {isa = PBXFileReference; lastKnownFileType = sourcecode.swift; path = Test.swift; sourceTree = "<group>"; };
		50624C722DE5E2E300794BC8 /* String.swift */ = {isa = PBXFileReference; lastKnownFileType = sourcecode.swift; path = String.swift; sourceTree = "<group>"; };
		507318432DE70C27005E26F9 /* ToggleRwxColored.swift */ = {isa = PBXFileReference; lastKnownFileType = sourcecode.swift; path = ToggleRwxColored.swift; sourceTree = "<group>"; };
		507318452DE71047005E26F9 /* RwxTextView.swift */ = {isa = PBXFileReference; lastKnownFileType = sourcecode.swift; path = RwxTextView.swift; sourceTree = "<group>"; };
		507318502DE7939D005E26F9 /* ToggleRwxNumeric.swift */ = {isa = PBXFileReference; lastKnownFileType = sourcecode.swift; path = ToggleRwxNumeric.swift; sourceTree = "<group>"; };
		507318522DE82BDB005E26F9 /* PickerCustom.swift */ = {isa = PBXFileReference; lastKnownFileType = sourcecode.swift; path = PickerCustom.swift; sourceTree = "<group>"; };
		507318572DE865C3005E26F9 /* Media.xcassets */ = {isa = PBXFileReference; lastKnownFileType = folder.assetcatalog; path = Media.xcassets; sourceTree = "<group>"; };
		507318752DE9EB32005E26F9 /* ButtonCustom.swift */ = {isa = PBXFileReference; lastKnownFileType = sourcecode.swift; path = ButtonCustom.swift; sourceTree = "<group>"; };
		507318972DF05F60005E26F9 /* Process.swift */ = {isa = PBXFileReference; lastKnownFileType = sourcecode.swift; path = Process.swift; sourceTree = "<group>"; };
		5073189B2DF1BA3D005E26F9 /* Date.swift */ = {isa = PBXFileReference; lastKnownFileType = sourcecode.swift; path = Date.swift; sourceTree = "<group>"; };
		5073189F2DF31F1C005E26F9 /* enums.swift */ = {isa = PBXFileReference; lastKnownFileType = sourcecode.swift; path = enums.swift; sourceTree = "<group>"; };
		507318A22DF3758B005E26F9 /* CaseIterable.swift */ = {isa = PBXFileReference; lastKnownFileType = sourcecode.swift; path = CaseIterable.swift; sourceTree = "<group>"; };
		507318A52DF37FB8005E26F9 /* ByteCountFormatter.swift */ = {isa = PBXFileReference; lastKnownFileType = sourcecode.swift; path = ByteCountFormatter.swift; sourceTree = "<group>"; };
/* End PBXFileReference section */

/* Begin PBXFrameworksBuildPhase section */
		50583D522DFB5D2000013BD0 /* Frameworks */ = {
			isa = PBXFrameworksBuildPhase;
			buildActionMask = 2147483647;
			files = (
			);
			runOnlyForDeploymentPostprocessing = 0;
		};
		50624C312DE5B96100794BC8 /* Frameworks */ = {
			isa = PBXFrameworksBuildPhase;
			buildActionMask = 2147483647;
			files = (
			);
			runOnlyForDeploymentPostprocessing = 0;
		};
		50624C642DE5DCD500794BC8 /* Frameworks */ = {
			isa = PBXFrameworksBuildPhase;
			buildActionMask = 2147483647;
			files = (
			);
			runOnlyForDeploymentPostprocessing = 0;
		};
/* End PBXFrameworksBuildPhase section */

/* Begin PBXGroup section */
		50583D682DFB5EA500013BD0 /* finder extension */ = {
			isa = PBXGroup;
			children = (
				50583D632DFB5EA100013BD0 /* FinderSyncExt.swift */,
				50583D652DFB5EA100013BD0 /* FinderSyncExt.entitlements */,
				50583D642DFB5EA100013BD0 /* Info.plist */,
			);
			path = "finder extension";
			sourceTree = "<group>";
		};
		50583D692DFB608400013BD0 /* main app */ = {
			isa = PBXGroup;
			children = (
				507318922DF05A3B005E26F9 /* controls */,
				50624C562DE5C2C800794BC8 /* app */,
			);
			path = "main app";
			sourceTree = "<group>";
		};
		50624C2B2DE5B96100794BC8 = {
			isa = PBXGroup;
			children = (
				50624C4C2DE5BA8200794BC8 /* app.entitlements */,
				50624C552DE5C2BF00794BC8 /* shared */,
				50583D692DFB608400013BD0 /* main app */,
				50583D682DFB5EA500013BD0 /* finder extension */,
				50624C712DE5DD8300794BC8 /* test */,
				50624C352DE5B96100794BC8 /* Products */,
			);
			sourceTree = "<group>";
		};
		50624C352DE5B96100794BC8 /* Products */ = {
			isa = PBXGroup;
			children = (
				50624C342DE5B96100794BC8 /* Rwx Editor.app */,
				50624C672DE5DCD500794BC8 /* Rwx Editor Test.xctest */,
				50583D552DFB5D2000013BD0 /* Rwx Editor Finder Extension.appex */,
			);
			name = Products;
			sourceTree = "<group>";
		};
		50624C552DE5C2BF00794BC8 /* shared */ = {
			isa = PBXGroup;
			children = (
				5073189F2DF31F1C005E26F9 /* enums.swift */,
				50624C722DE5E2E300794BC8 /* String.swift */,
				50624C602DE5D6B500794BC8 /* UInt.swift */,
				5073189B2DF1BA3D005E26F9 /* Date.swift */,
				50624C532DE5C2BA00794BC8 /* View.swift */,
				507318A22DF3758B005E26F9 /* CaseIterable.swift */,
				507318A52DF37FB8005E26F9 /* ByteCountFormatter.swift */,
				507318972DF05F60005E26F9 /* Process.swift */,
				50583D7E2DFB673D00013BD0 /* EventsDispatcherGlobal.swift */,
				50114C812E017BD400024326 /* FinderEvent.swift */,
				50624C5C2DE5CD1A00794BC8 /* Localizable.xcstrings */,
			);
			path = shared;
			sourceTree = "<group>";
		};
		50624C562DE5C2C800794BC8 /* app */ = {
			isa = PBXGroup;
			children = (
				50624C4D2DE5BA8200794BC8 /* App.swift */,
				50624C4B2DE5BA8200794BC8 /* MainView.swift */,
				507318452DE71047005E26F9 /* RwxTextView.swift */,
				50624C4A2DE5BA8200794BC8 /* Assets.xcassets */,
			);
			path = app;
			sourceTree = "<group>";
		};
		50624C712DE5DD8300794BC8 /* test */ = {
			isa = PBXGroup;
			children = (
				50624C692DE5DCD500794BC8 /* Test.swift */,
			);
			path = test;
			sourceTree = "<group>";
		};
		507318922DF05A3B005E26F9 /* controls */ = {
			isa = PBXGroup;
			children = (
				507318522DE82BDB005E26F9 /* PickerCustom.swift */,
				507318752DE9EB32005E26F9 /* ButtonCustom.swift */,
				507318432DE70C27005E26F9 /* ToggleRwxColored.swift */,
				507318502DE7939D005E26F9 /* ToggleRwxNumeric.swift */,
				507318572DE865C3005E26F9 /* Media.xcassets */,
			);
			path = controls;
			sourceTree = "<group>";
		};
/* End PBXGroup section */

/* Begin PBXNativeTarget section */
		50583D542DFB5D2000013BD0 /* Rwx Editor Finder Extension */ = {
			isa = PBXNativeTarget;
			buildConfigurationList = 50583D622DFB5D2000013BD0 /* Build configuration list for PBXNativeTarget "Rwx Editor Finder Extension" */;
			buildPhases = (
				50583D512DFB5D2000013BD0 /* Sources */,
				50583D522DFB5D2000013BD0 /* Frameworks */,
				50583D532DFB5D2000013BD0 /* Resources */,
			);
			buildRules = (
			);
			dependencies = (
			);
			name = "Rwx Editor Finder Extension";
			packageProductDependencies = (
			);
			productName = "Rwx Editor Finder Extension";
			productReference = 50583D552DFB5D2000013BD0 /* Rwx Editor Finder Extension.appex */;
			productType = "com.apple.product-type.app-extension";
		};
		50624C332DE5B96100794BC8 /* Rwx Editor */ = {
			isa = PBXNativeTarget;
			buildConfigurationList = 50624C402DE5B96500794BC8 /* Build configuration list for PBXNativeTarget "Rwx Editor" */;
			buildPhases = (
				50624C302DE5B96100794BC8 /* Sources */,
				50624C312DE5B96100794BC8 /* Frameworks */,
				50624C322DE5B96100794BC8 /* Resources */,
				50583D5E2DFB5D2000013BD0 /* Embed Foundation Extensions */,
			);
			buildRules = (
			);
			dependencies = (
				50583D5C2DFB5D2000013BD0 /* PBXTargetDependency */,
			);
			name = "Rwx Editor";
			packageProductDependencies = (
			);
			productName = "Rwx Editor";
			productReference = 50624C342DE5B96100794BC8 /* Rwx Editor.app */;
			productType = "com.apple.product-type.application";
		};
		50624C662DE5DCD500794BC8 /* Rwx Editor Test */ = {
			isa = PBXNativeTarget;
			buildConfigurationList = 50624C6D2DE5DCD500794BC8 /* Build configuration list for PBXNativeTarget "Rwx Editor Test" */;
			buildPhases = (
				50624C632DE5DCD500794BC8 /* Sources */,
				50624C642DE5DCD500794BC8 /* Frameworks */,
				50624C652DE5DCD500794BC8 /* Resources */,
			);
			buildRules = (
			);
			dependencies = (
				50624C6C2DE5DCD500794BC8 /* PBXTargetDependency */,
			);
			name = "Rwx Editor Test";
			packageProductDependencies = (
			);
			productName = "Rwx Editor Test";
			productReference = 50624C672DE5DCD500794BC8 /* Rwx Editor Test.xctest */;
			productType = "com.apple.product-type.bundle.unit-test";
		};
/* End PBXNativeTarget section */

/* Begin PBXProject section */
		50624C2C2DE5B96100794BC8 /* Project object */ = {
			isa = PBXProject;
			attributes = {
				BuildIndependentTargetsInParallel = 1;
				LastSwiftUpdateCheck = 1640;
				LastUpgradeCheck = 1630;
				TargetAttributes = {
					50583D542DFB5D2000013BD0 = {
						CreatedOnToolsVersion = 16.4;
					};
					50624C332DE5B96100794BC8 = {
						CreatedOnToolsVersion = 16.3;
					};
					50624C662DE5DCD500794BC8 = {
						CreatedOnToolsVersion = 16.3;
					};
				};
			};
			buildConfigurationList = 50624C2F2DE5B96100794BC8 /* Build configuration list for PBXProject "Rwx Editor" */;
			developmentRegion = en;
			hasScannedForEncodings = 0;
			knownRegions = (
				en,
				Base,
				ru,
			);
			mainGroup = 50624C2B2DE5B96100794BC8;
			minimizedProjectReferenceProxies = 1;
			preferredProjectObjectVersion = 77;
			productRefGroup = 50624C352DE5B96100794BC8 /* Products */;
			projectDirPath = "";
			projectRoot = "";
			targets = (
				50624C332DE5B96100794BC8 /* Rwx Editor */,
				50583D542DFB5D2000013BD0 /* Rwx Editor Finder Extension */,
				50624C662DE5DCD500794BC8 /* Rwx Editor Test */,
			);
		};
/* End PBXProject section */

/* Begin PBXResourcesBuildPhase section */
		50583D532DFB5D2000013BD0 /* Resources */ = {
			isa = PBXResourcesBuildPhase;
			buildActionMask = 2147483647;
			files = (
				50114C7E2E01605B00024326 /* Localizable.xcstrings in Resources */,
			);
			runOnlyForDeploymentPostprocessing = 0;
		};
		50624C322DE5B96100794BC8 /* Resources */ = {
			isa = PBXResourcesBuildPhase;
			buildActionMask = 2147483647;
			files = (
				50624C502DE5BA8200794BC8 /* Assets.xcassets in Resources */,
				507318582DE865C3005E26F9 /* Media.xcassets in Resources */,
				50624C5D2DE5CD1A00794BC8 /* Localizable.xcstrings in Resources */,
			);
			runOnlyForDeploymentPostprocessing = 0;
		};
		50624C652DE5DCD500794BC8 /* Resources */ = {
			isa = PBXResourcesBuildPhase;
			buildActionMask = 2147483647;
			files = (
				50114C7F2E01607700024326 /* Localizable.xcstrings in Resources */,
				507318592DE865C3005E26F9 /* Media.xcassets in Resources */,
			);
			runOnlyForDeploymentPostprocessing = 0;
		};
/* End PBXResourcesBuildPhase section */

/* Begin PBXSourcesBuildPhase section */
		50583D512DFB5D2000013BD0 /* Sources */ = {
			isa = PBXSourcesBuildPhase;
			buildActionMask = 2147483647;
			files = (
				50583D6A2DFB60B900013BD0 /* ByteCountFormatter.swift in Sources */,
				50583D6B2DFB60B900013BD0 /* CaseIterable.swift in Sources */,
				50114C842E017BD800024326 /* FinderEvent.swift in Sources */,
				50583D7F2DFB673D00013BD0 /* EventsDispatcherGlobal.swift in Sources */,
				50583D6C2DFB60B900013BD0 /* enums.swift in Sources */,
				50583D6D2DFB60B900013BD0 /* View.swift in Sources */,
				50583D6E2DFB60B900013BD0 /* Process.swift in Sources */,
				50583D6F2DFB60B900013BD0 /* String.swift in Sources */,
				50583D702DFB60B900013BD0 /* Date.swift in Sources */,
				50583D712DFB60B900013BD0 /* UInt.swift in Sources */,
				50583D662DFB5EA100013BD0 /* FinderSyncExt.swift in Sources */,
			);
			runOnlyForDeploymentPostprocessing = 0;
		};
		50624C302DE5B96100794BC8 /* Sources */ = {
			isa = PBXSourcesBuildPhase;
			buildActionMask = 2147483647;
			files = (
				50583D902DFB6C1700013BD0 /* EventsDispatcherGlobal.swift in Sources */,
				50624C612DE5D6B500794BC8 /* UInt.swift in Sources */,
				507318442DE70C27005E26F9 /* ToggleRwxColored.swift in Sources */,
				50624C4E2DE5BA8200794BC8 /* App.swift in Sources */,
				507318512DE7939D005E26F9 /* ToggleRwxNumeric.swift in Sources */,
				507318A32DF3758E005E26F9 /* CaseIterable.swift in Sources */,
				507318762DE9EB32005E26F9 /* ButtonCustom.swift in Sources */,
				507318A12DF31F20005E26F9 /* enums.swift in Sources */,
				507318462DE71047005E26F9 /* RwxTextView.swift in Sources */,
				50624C742DE5E2E600794BC8 /* String.swift in Sources */,
				50114C7D2E015BF500024326 /* FinderSyncExt.swift in Sources */,
				5073189D2DF1BA3D005E26F9 /* Date.swift in Sources */,
				507318A72DF37FB9005E26F9 /* ByteCountFormatter.swift in Sources */,
				50624C4F2DE5BA8200794BC8 /* MainView.swift in Sources */,
				50114C822E017BD800024326 /* FinderEvent.swift in Sources */,
				50624C542DE5C2BA00794BC8 /* View.swift in Sources */,
				507318992DF05F62005E26F9 /* Process.swift in Sources */,
				507318532DE82BDB005E26F9 /* PickerCustom.swift in Sources */,
			);
			runOnlyForDeploymentPostprocessing = 0;
		};
		50624C632DE5DCD500794BC8 /* Sources */ = {
			isa = PBXSourcesBuildPhase;
			buildActionMask = 2147483647;
			files = (
				50624C752DE5E30E00794BC8 /* View.swift in Sources */,
				5073189C2DF1BA3D005E26F9 /* Date.swift in Sources */,
				50114C832E017BD800024326 /* FinderEvent.swift in Sources */,
				50583D912DFB6C1700013BD0 /* EventsDispatcherGlobal.swift in Sources */,
				50624C732DE5E2E600794BC8 /* String.swift in Sources */,
				507318A62DF37FB9005E26F9 /* ByteCountFormatter.swift in Sources */,
				50624C702DE5DD3000794BC8 /* UInt.swift in Sources */,
				50624C6A2DE5DCD500794BC8 /* Test.swift in Sources */,
				507318A02DF31F20005E26F9 /* enums.swift in Sources */,
				507318A42DF3758E005E26F9 /* CaseIterable.swift in Sources */,
				507318982DF05F62005E26F9 /* Process.swift in Sources */,
			);
			runOnlyForDeploymentPostprocessing = 0;
		};
/* End PBXSourcesBuildPhase section */

/* Begin PBXTargetDependency section */
		50583D5C2DFB5D2000013BD0 /* PBXTargetDependency */ = {
			isa = PBXTargetDependency;
			target = 50583D542DFB5D2000013BD0 /* Rwx Editor Finder Extension */;
			targetProxy = 50583D5B2DFB5D2000013BD0 /* PBXContainerItemProxy */;
		};
		50624C6C2DE5DCD500794BC8 /* PBXTargetDependency */ = {
			isa = PBXTargetDependency;
			target = 50624C332DE5B96100794BC8 /* Rwx Editor */;
			targetProxy = 50624C6B2DE5DCD500794BC8 /* PBXContainerItemProxy */;
		};
/* End PBXTargetDependency section */

/* Begin XCBuildConfiguration section */
		50583D5F2DFB5D2000013BD0 /* Debug */ = {
			isa = XCBuildConfiguration;
			buildSettings = {
				CODE_SIGN_ENTITLEMENTS = "finder extension/FinderSyncExt.entitlements";
				CODE_SIGN_IDENTITY = "Apple Development";
				CODE_SIGN_STYLE = Automatic;
				COMBINE_HIDPI_IMAGES = YES;
				CURRENT_PROJECT_VERSION = 1;
				DEVELOPMENT_TEAM = 97CZR6J379;
				ENABLE_HARDENED_RUNTIME = YES;
				GENERATE_INFOPLIST_FILE = YES;
				INFOPLIST_FILE = "finder extension/Info.plist";
				INFOPLIST_KEY_CFBundleDisplayName = "Rwx Editor Finder Extension";
				INFOPLIST_KEY_LSUIElement = YES;
				INFOPLIST_KEY_NSHumanReadableCopyright = "";
				LD_RUNPATH_SEARCH_PATHS = (
					"$(inherited)",
					"@executable_path/../Frameworks",
					"@executable_path/../../../../Frameworks",
				);
				MACOSX_DEPLOYMENT_TARGET = 11.0;
				MARKETING_VERSION = 1.0;
				PRODUCT_BUNDLE_IDENTIFIER = "maxrys.rwx-editor.finder-ext";
				PRODUCT_NAME = "$(TARGET_NAME)";
				PROVISIONING_PROFILE_SPECIFIER = "";
				REGISTER_APP_GROUPS = YES;
				SKIP_INSTALL = YES;
				SWIFT_EMIT_LOC_STRINGS = YES;
				SWIFT_VERSION = 5.0;
			};
			name = Debug;
		};
		50583D602DFB5D2000013BD0 /* Release */ = {
			isa = XCBuildConfiguration;
			buildSettings = {
				CODE_SIGN_ENTITLEMENTS = "finder extension/FinderSyncExt.entitlements";
				CODE_SIGN_IDENTITY = "Apple Development";
				CODE_SIGN_STYLE = Automatic;
				COMBINE_HIDPI_IMAGES = YES;
				CURRENT_PROJECT_VERSION = 1;
				DEVELOPMENT_TEAM = 97CZR6J379;
				ENABLE_HARDENED_RUNTIME = YES;
				GENERATE_INFOPLIST_FILE = YES;
				INFOPLIST_FILE = "finder extension/Info.plist";
				INFOPLIST_KEY_CFBundleDisplayName = "Rwx Editor Finder Extension";
				INFOPLIST_KEY_LSUIElement = YES;
				INFOPLIST_KEY_NSHumanReadableCopyright = "";
				LD_RUNPATH_SEARCH_PATHS = (
					"$(inherited)",
					"@executable_path/../Frameworks",
					"@executable_path/../../../../Frameworks",
				);
				MACOSX_DEPLOYMENT_TARGET = 11.0;
				MARKETING_VERSION = 1.0;
				PRODUCT_BUNDLE_IDENTIFIER = "maxrys.rwx-editor.finder-ext";
				PRODUCT_NAME = "$(TARGET_NAME)";
				PROVISIONING_PROFILE_SPECIFIER = "";
				REGISTER_APP_GROUPS = YES;
				SKIP_INSTALL = YES;
				SWIFT_EMIT_LOC_STRINGS = YES;
				SWIFT_VERSION = 5.0;
			};
			name = Release;
		};
		50624C3E2DE5B96500794BC8 /* Debug */ = {
			isa = XCBuildConfiguration;
			buildSettings = {
				ALWAYS_SEARCH_USER_PATHS = NO;
				ASSETCATALOG_COMPILER_GENERATE_SWIFT_ASSET_SYMBOL_EXTENSIONS = YES;
				CLANG_ANALYZER_NONNULL = YES;
				CLANG_ANALYZER_NUMBER_OBJECT_CONVERSION = YES_AGGRESSIVE;
				CLANG_CXX_LANGUAGE_STANDARD = "gnu++20";
				CLANG_ENABLE_MODULES = YES;
				CLANG_ENABLE_OBJC_ARC = YES;
				CLANG_ENABLE_OBJC_WEAK = YES;
				CLANG_WARN_BLOCK_CAPTURE_AUTORELEASING = YES;
				CLANG_WARN_BOOL_CONVERSION = YES;
				CLANG_WARN_COMMA = YES;
				CLANG_WARN_CONSTANT_CONVERSION = YES;
				CLANG_WARN_DEPRECATED_OBJC_IMPLEMENTATIONS = YES;
				CLANG_WARN_DIRECT_OBJC_ISA_USAGE = YES_ERROR;
				CLANG_WARN_DOCUMENTATION_COMMENTS = YES;
				CLANG_WARN_EMPTY_BODY = YES;
				CLANG_WARN_ENUM_CONVERSION = YES;
				CLANG_WARN_INFINITE_RECURSION = YES;
				CLANG_WARN_INT_CONVERSION = YES;
				CLANG_WARN_NON_LITERAL_NULL_CONVERSION = YES;
				CLANG_WARN_OBJC_IMPLICIT_RETAIN_SELF = YES;
				CLANG_WARN_OBJC_LITERAL_CONVERSION = YES;
				CLANG_WARN_OBJC_ROOT_CLASS = YES_ERROR;
				CLANG_WARN_QUOTED_INCLUDE_IN_FRAMEWORK_HEADER = YES;
				CLANG_WARN_RANGE_LOOP_ANALYSIS = YES;
				CLANG_WARN_STRICT_PROTOTYPES = YES;
				CLANG_WARN_SUSPICIOUS_MOVE = YES;
				CLANG_WARN_UNGUARDED_AVAILABILITY = YES_AGGRESSIVE;
				CLANG_WARN_UNREACHABLE_CODE = YES;
				CLANG_WARN__DUPLICATE_METHOD_MATCH = YES;
				COPY_PHASE_STRIP = NO;
				DEBUG_INFORMATION_FORMAT = dwarf;
				DEVELOPMENT_TEAM = 97CZR6J379;
				ENABLE_STRICT_OBJC_MSGSEND = YES;
				ENABLE_TESTABILITY = YES;
				ENABLE_USER_SCRIPT_SANDBOXING = YES;
				GCC_C_LANGUAGE_STANDARD = gnu17;
				GCC_DYNAMIC_NO_PIC = NO;
				GCC_NO_COMMON_BLOCKS = YES;
				GCC_OPTIMIZATION_LEVEL = 0;
				GCC_PREPROCESSOR_DEFINITIONS = (
					"DEBUG=1",
					"$(inherited)",
				);
				GCC_WARN_64_TO_32_BIT_CONVERSION = YES;
				GCC_WARN_ABOUT_RETURN_TYPE = YES_ERROR;
				GCC_WARN_UNDECLARED_SELECTOR = YES;
				GCC_WARN_UNINITIALIZED_AUTOS = YES_AGGRESSIVE;
				GCC_WARN_UNUSED_FUNCTION = YES;
				GCC_WARN_UNUSED_VARIABLE = YES;
				LOCALIZATION_PREFERS_STRING_CATALOGS = YES;
				MACOSX_DEPLOYMENT_TARGET = 15.4;
				MTL_ENABLE_DEBUG_INFO = INCLUDE_SOURCE;
				MTL_FAST_MATH = YES;
				ONLY_ACTIVE_ARCH = YES;
				SDKROOT = macosx;
				SWIFT_ACTIVE_COMPILATION_CONDITIONS = "DEBUG $(inherited)";
				SWIFT_EMIT_LOC_STRINGS = YES;
				SWIFT_OPTIMIZATION_LEVEL = "-Onone";
			};
			name = Debug;
		};
		50624C3F2DE5B96500794BC8 /* Release */ = {
			isa = XCBuildConfiguration;
			buildSettings = {
				ALWAYS_SEARCH_USER_PATHS = NO;
				ASSETCATALOG_COMPILER_GENERATE_SWIFT_ASSET_SYMBOL_EXTENSIONS = YES;
				CLANG_ANALYZER_NONNULL = YES;
				CLANG_ANALYZER_NUMBER_OBJECT_CONVERSION = YES_AGGRESSIVE;
				CLANG_CXX_LANGUAGE_STANDARD = "gnu++20";
				CLANG_ENABLE_MODULES = YES;
				CLANG_ENABLE_OBJC_ARC = YES;
				CLANG_ENABLE_OBJC_WEAK = YES;
				CLANG_WARN_BLOCK_CAPTURE_AUTORELEASING = YES;
				CLANG_WARN_BOOL_CONVERSION = YES;
				CLANG_WARN_COMMA = YES;
				CLANG_WARN_CONSTANT_CONVERSION = YES;
				CLANG_WARN_DEPRECATED_OBJC_IMPLEMENTATIONS = YES;
				CLANG_WARN_DIRECT_OBJC_ISA_USAGE = YES_ERROR;
				CLANG_WARN_DOCUMENTATION_COMMENTS = YES;
				CLANG_WARN_EMPTY_BODY = YES;
				CLANG_WARN_ENUM_CONVERSION = YES;
				CLANG_WARN_INFINITE_RECURSION = YES;
				CLANG_WARN_INT_CONVERSION = YES;
				CLANG_WARN_NON_LITERAL_NULL_CONVERSION = YES;
				CLANG_WARN_OBJC_IMPLICIT_RETAIN_SELF = YES;
				CLANG_WARN_OBJC_LITERAL_CONVERSION = YES;
				CLANG_WARN_OBJC_ROOT_CLASS = YES_ERROR;
				CLANG_WARN_QUOTED_INCLUDE_IN_FRAMEWORK_HEADER = YES;
				CLANG_WARN_RANGE_LOOP_ANALYSIS = YES;
				CLANG_WARN_STRICT_PROTOTYPES = YES;
				CLANG_WARN_SUSPICIOUS_MOVE = YES;
				CLANG_WARN_UNGUARDED_AVAILABILITY = YES_AGGRESSIVE;
				CLANG_WARN_UNREACHABLE_CODE = YES;
				CLANG_WARN__DUPLICATE_METHOD_MATCH = YES;
				COPY_PHASE_STRIP = NO;
				DEBUG_INFORMATION_FORMAT = "dwarf-with-dsym";
				DEVELOPMENT_TEAM = 97CZR6J379;
				ENABLE_NS_ASSERTIONS = NO;
				ENABLE_STRICT_OBJC_MSGSEND = YES;
				ENABLE_USER_SCRIPT_SANDBOXING = YES;
				GCC_C_LANGUAGE_STANDARD = gnu17;
				GCC_NO_COMMON_BLOCKS = YES;
				GCC_WARN_64_TO_32_BIT_CONVERSION = YES;
				GCC_WARN_ABOUT_RETURN_TYPE = YES_ERROR;
				GCC_WARN_UNDECLARED_SELECTOR = YES;
				GCC_WARN_UNINITIALIZED_AUTOS = YES_AGGRESSIVE;
				GCC_WARN_UNUSED_FUNCTION = YES;
				GCC_WARN_UNUSED_VARIABLE = YES;
				LOCALIZATION_PREFERS_STRING_CATALOGS = YES;
				MACOSX_DEPLOYMENT_TARGET = 15.4;
				MTL_ENABLE_DEBUG_INFO = NO;
				MTL_FAST_MATH = YES;
				SDKROOT = macosx;
				SWIFT_COMPILATION_MODE = wholemodule;
				SWIFT_EMIT_LOC_STRINGS = YES;
			};
			name = Release;
		};
		50624C412DE5B96500794BC8 /* Debug */ = {
			isa = XCBuildConfiguration;
			buildSettings = {
				ASSETCATALOG_COMPILER_APPICON_NAME = AppIcon;
				ASSETCATALOG_COMPILER_GLOBAL_ACCENT_COLOR_NAME = AccentColor;
				CODE_SIGN_ENTITLEMENTS = app.entitlements;
				"CODE_SIGN_IDENTITY[sdk=macosx*]" = "Apple Development";
				CODE_SIGN_STYLE = Automatic;
				COMBINE_HIDPI_IMAGES = YES;
				CURRENT_PROJECT_VERSION = 1;
				DEVELOPMENT_TEAM = 97CZR6J379;
				ENABLE_HARDENED_RUNTIME = YES;
				ENABLE_PREVIEWS = YES;
				GENERATE_INFOPLIST_FILE = YES;
				INFOPLIST_KEY_CFBundleDisplayName = "Rwx Editor";
				INFOPLIST_KEY_LSApplicationCategoryType = "public.app-category.utilities";
				INFOPLIST_KEY_NSHumanReadableCopyright = "Copyright © 2025 Maxim Rysevets. All rights reserved.";
				LD_RUNPATH_SEARCH_PATHS = (
					"$(inherited)",
					"@executable_path/../Frameworks",
				);
				MACOSX_DEPLOYMENT_TARGET = 11.0;
				MARKETING_VERSION = 1.0;
				PRODUCT_BUNDLE_IDENTIFIER = "maxrys.rwx-editor";
				PRODUCT_NAME = "$(TARGET_NAME)";
				REGISTER_APP_GROUPS = YES;
				SWIFT_EMIT_LOC_STRINGS = YES;
				SWIFT_VERSION = 5.0;
			};
			name = Debug;
		};
		50624C422DE5B96500794BC8 /* Release */ = {
			isa = XCBuildConfiguration;
			buildSettings = {
				ASSETCATALOG_COMPILER_APPICON_NAME = AppIcon;
				ASSETCATALOG_COMPILER_GLOBAL_ACCENT_COLOR_NAME = AccentColor;
				CODE_SIGN_ENTITLEMENTS = app.entitlements;
				"CODE_SIGN_IDENTITY[sdk=macosx*]" = "Apple Development";
				CODE_SIGN_STYLE = Automatic;
				COMBINE_HIDPI_IMAGES = YES;
				CURRENT_PROJECT_VERSION = 1;
				DEVELOPMENT_TEAM = 97CZR6J379;
				ENABLE_HARDENED_RUNTIME = YES;
				ENABLE_PREVIEWS = YES;
				GENERATE_INFOPLIST_FILE = YES;
				INFOPLIST_KEY_CFBundleDisplayName = "Rwx Editor";
				INFOPLIST_KEY_LSApplicationCategoryType = "public.app-category.utilities";
				INFOPLIST_KEY_NSHumanReadableCopyright = "Copyright © 2025 Maxim Rysevets. All rights reserved.";
				LD_RUNPATH_SEARCH_PATHS = (
					"$(inherited)",
					"@executable_path/../Frameworks",
				);
				MACOSX_DEPLOYMENT_TARGET = 11.0;
				MARKETING_VERSION = 1.0;
				PRODUCT_BUNDLE_IDENTIFIER = "maxrys.rwx-editor";
				PRODUCT_NAME = "$(TARGET_NAME)";
				REGISTER_APP_GROUPS = YES;
				SWIFT_EMIT_LOC_STRINGS = YES;
				SWIFT_VERSION = 5.0;
			};
			name = Release;
		};
		50624C6E2DE5DCD500794BC8 /* Debug */ = {
			isa = XCBuildConfiguration;
			buildSettings = {
				CODE_SIGN_STYLE = Automatic;
				CURRENT_PROJECT_VERSION = 1;
				DEVELOPMENT_TEAM = 97CZR6J379;
				GENERATE_INFOPLIST_FILE = YES;
				MACOSX_DEPLOYMENT_TARGET = 11.0;
				MARKETING_VERSION = 1.0;
				PRODUCT_BUNDLE_IDENTIFIER = "maxrys.rwx-editor.test";
				PRODUCT_NAME = "$(TARGET_NAME)";
				SWIFT_EMIT_LOC_STRINGS = NO;
				SWIFT_VERSION = 5.0;
			};
			name = Debug;
		};
		50624C6F2DE5DCD500794BC8 /* Release */ = {
			isa = XCBuildConfiguration;
			buildSettings = {
				CODE_SIGN_STYLE = Automatic;
				CURRENT_PROJECT_VERSION = 1;
				DEVELOPMENT_TEAM = 97CZR6J379;
				GENERATE_INFOPLIST_FILE = YES;
				MACOSX_DEPLOYMENT_TARGET = 11.0;
				MARKETING_VERSION = 1.0;
				PRODUCT_BUNDLE_IDENTIFIER = "maxrys.rwx-editor.test";
				PRODUCT_NAME = "$(TARGET_NAME)";
				SWIFT_EMIT_LOC_STRINGS = NO;
				SWIFT_VERSION = 5.0;
			};
			name = Release;
		};
/* End XCBuildConfiguration section */

/* Begin XCConfigurationList section */
		50583D622DFB5D2000013BD0 /* Build configuration list for PBXNativeTarget "Rwx Editor Finder Extension" */ = {
			isa = XCConfigurationList;
			buildConfigurations = (
				50583D5F2DFB5D2000013BD0 /* Debug */,
				50583D602DFB5D2000013BD0 /* Release */,
			);
			defaultConfigurationIsVisible = 0;
			defaultConfigurationName = Release;
		};
		50624C2F2DE5B96100794BC8 /* Build configuration list for PBXProject "Rwx Editor" */ = {
			isa = XCConfigurationList;
			buildConfigurations = (
				50624C3E2DE5B96500794BC8 /* Debug */,
				50624C3F2DE5B96500794BC8 /* Release */,
			);
			defaultConfigurationIsVisible = 0;
			defaultConfigurationName = Release;
		};
		50624C402DE5B96500794BC8 /* Build configuration list for PBXNativeTarget "Rwx Editor" */ = {
			isa = XCConfigurationList;
			buildConfigurations = (
				50624C412DE5B96500794BC8 /* Debug */,
				50624C422DE5B96500794BC8 /* Release */,
			);
			defaultConfigurationIsVisible = 0;
			defaultConfigurationName = Release;
		};
		50624C6D2DE5DCD500794BC8 /* Build configuration list for PBXNativeTarget "Rwx Editor Test" */ = {
			isa = XCConfigurationList;
			buildConfigurations = (
				50624C6E2DE5DCD500794BC8 /* Debug */,
				50624C6F2DE5DCD500794BC8 /* Release */,
			);
			defaultConfigurationIsVisible = 0;
			defaultConfigurationName = Release;
		};
/* End XCConfigurationList section */
	};
	rootObject = 50624C2C2DE5B96100794BC8 /* Project object */;
}
